// !$*UTF8*$!
{
	archiveVersion = 1;
	classes = {
	};
	objectVersion = 51;
	objects = {

/* Begin PBXBuildFile section */
		040E4B0D26B6102F00A043FC /* PlusButton.swift in Sources */ = {isa = PBXBuildFile; fileRef = 040E4B0C26B6102F00A043FC /* PlusButton.swift */; };
		040E4B3026B752F000A043FC /* ImageCollectionViewCell.swift in Sources */ = {isa = PBXBuildFile; fileRef = 040E4B2E26B752F000A043FC /* ImageCollectionViewCell.swift */; };
		040E4B3126B752F000A043FC /* ImageCollectionViewCell.xib in Resources */ = {isa = PBXBuildFile; fileRef = 040E4B2F26B752F000A043FC /* ImageCollectionViewCell.xib */; };
		0415140226B42D8900A5EF8A /* ViewController.swift in Sources */ = {isa = PBXBuildFile; fileRef = 0415140126B42D8900A5EF8A /* ViewController.swift */; };
		046215F626AF1FE700314CAC /* AppDelegate.swift in Sources */ = {isa = PBXBuildFile; fileRef = 046215F526AF1FE700314CAC /* AppDelegate.swift */; };
		046215F826AF1FE700314CAC /* SceneDelegate.swift in Sources */ = {isa = PBXBuildFile; fileRef = 046215F726AF1FE700314CAC /* SceneDelegate.swift */; };
		046215FD26AF1FE700314CAC /* Main.storyboard in Resources */ = {isa = PBXBuildFile; fileRef = 046215FB26AF1FE700314CAC /* Main.storyboard */; };
		046215FF26AF1FE800314CAC /* Assets.xcassets in Resources */ = {isa = PBXBuildFile; fileRef = 046215FE26AF1FE800314CAC /* Assets.xcassets */; };
		0462160226AF1FE800314CAC /* LaunchScreen.storyboard in Resources */ = {isa = PBXBuildFile; fileRef = 0462160026AF1FE800314CAC /* LaunchScreen.storyboard */; };
		2121C91A26B5FFB300D7DF02 /* PlaceTableViewCell.swift in Sources */ = {isa = PBXBuildFile; fileRef = 2121C91826B5FFB300D7DF02 /* PlaceTableViewCell.swift */; };
		2121C91B26B5FFB300D7DF02 /* PlaceTableViewCell.xib in Resources */ = {isa = PBXBuildFile; fileRef = 2121C91926B5FFB300D7DF02 /* PlaceTableViewCell.xib */; };
/* End PBXBuildFile section */

/* Begin PBXFileReference section */
		040E4B0C26B6102F00A043FC /* PlusButton.swift */ = {isa = PBXFileReference; lastKnownFileType = sourcecode.swift; path = PlusButton.swift; sourceTree = "<group>"; };
		040E4B2E26B752F000A043FC /* ImageCollectionViewCell.swift */ = {isa = PBXFileReference; lastKnownFileType = sourcecode.swift; path = ImageCollectionViewCell.swift; sourceTree = "<group>"; };
		040E4B2F26B752F000A043FC /* ImageCollectionViewCell.xib */ = {isa = PBXFileReference; lastKnownFileType = file.xib; path = ImageCollectionViewCell.xib; sourceTree = "<group>"; };
		0415140126B42D8900A5EF8A /* ViewController.swift */ = {isa = PBXFileReference; lastKnownFileType = sourcecode.swift; path = ViewController.swift; sourceTree = "<group>"; };
		046215F226AF1FE700314CAC /* PhotoTest.app */ = {isa = PBXFileReference; explicitFileType = wrapper.application; includeInIndex = 0; path = PhotoTest.app; sourceTree = BUILT_PRODUCTS_DIR; };
		046215F526AF1FE700314CAC /* AppDelegate.swift */ = {isa = PBXFileReference; lastKnownFileType = sourcecode.swift; path = AppDelegate.swift; sourceTree = "<group>"; };
		046215F726AF1FE700314CAC /* SceneDelegate.swift */ = {isa = PBXFileReference; lastKnownFileType = sourcecode.swift; path = SceneDelegate.swift; sourceTree = "<group>"; };
		046215FC26AF1FE700314CAC /* Base */ = {isa = PBXFileReference; lastKnownFileType = file.storyboard; name = Base; path = Base.lproj/Main.storyboard; sourceTree = "<group>"; };
		046215FE26AF1FE800314CAC /* Assets.xcassets */ = {isa = PBXFileReference; lastKnownFileType = folder.assetcatalog; path = Assets.xcassets; sourceTree = "<group>"; };
		0462160126AF1FE800314CAC /* Base */ = {isa = PBXFileReference; lastKnownFileType = file.storyboard; name = Base; path = Base.lproj/LaunchScreen.storyboard; sourceTree = "<group>"; };
		0462160326AF1FE800314CAC /* Info.plist */ = {isa = PBXFileReference; lastKnownFileType = text.plist.xml; path = Info.plist; sourceTree = "<group>"; };
		2121C91826B5FFB300D7DF02 /* PlaceTableViewCell.swift */ = {isa = PBXFileReference; lastKnownFileType = sourcecode.swift; path = PlaceTableViewCell.swift; sourceTree = "<group>"; };
		2121C91926B5FFB300D7DF02 /* PlaceTableViewCell.xib */ = {isa = PBXFileReference; lastKnownFileType = file.xib; path = PlaceTableViewCell.xib; sourceTree = "<group>"; };
/* End PBXFileReference section */

/* Begin PBXFrameworksBuildPhase section */
		046215EF26AF1FE700314CAC /* Frameworks */ = {
			isa = PBXFrameworksBuildPhase;
			buildActionMask = 2147483647;
			files = (
			);
			runOnlyForDeploymentPostprocessing = 0;
		};
/* End PBXFrameworksBuildPhase section */

/* Begin PBXGroup section */
		040E4B0B26B60FE400A043FC /* PlusButton */ = {
			isa = PBXGroup;
			children = (
				040E4B0C26B6102F00A043FC /* PlusButton.swift */,
			);
			path = PlusButton;
			sourceTree = "<group>";
		};
		046215E926AF1FE700314CAC = {
			isa = PBXGroup;
			children = (
				046215F426AF1FE700314CAC /* PhotoTest */,
				046215F326AF1FE700314CAC /* Products */,
			);
			sourceTree = "<group>";
		};
		046215F326AF1FE700314CAC /* Products */ = {
			isa = PBXGroup;
			children = (
				046215F226AF1FE700314CAC /* PhotoTest.app */,
			);
			name = Products;
			sourceTree = "<group>";
		};
		046215F426AF1FE700314CAC /* PhotoTest */ = {
			isa = PBXGroup;
			children = (
				040E4B0B26B60FE400A043FC /* PlusButton */,
				2121C91226B5FE9100D7DF02 /* Cells */,
				046215F526AF1FE700314CAC /* AppDelegate.swift */,
				046215F726AF1FE700314CAC /* SceneDelegate.swift */,
				0415140126B42D8900A5EF8A /* ViewController.swift */,
				046215FB26AF1FE700314CAC /* Main.storyboard */,
				046215FE26AF1FE800314CAC /* Assets.xcassets */,
				0462160026AF1FE800314CAC /* LaunchScreen.storyboard */,
				0462160326AF1FE800314CAC /* Info.plist */,
			);
			path = PhotoTest;
			sourceTree = "<group>";
		};
		2121C91226B5FE9100D7DF02 /* Cells */ = {
			isa = PBXGroup;
			children = (
				2121C91326B5FE9A00D7DF02 /* TableViewCell */,
			);
			path = Cells;
			sourceTree = "<group>";
		};
		2121C91326B5FE9A00D7DF02 /* TableViewCell */ = {
			isa = PBXGroup;
			children = (
				2121C91826B5FFB300D7DF02 /* PlaceTableViewCell.swift */,
				2121C91926B5FFB300D7DF02 /* PlaceTableViewCell.xib */,
				040E4B2E26B752F000A043FC /* ImageCollectionViewCell.swift */,
				040E4B2F26B752F000A043FC /* ImageCollectionViewCell.xib */,
			);
			path = TableViewCell;
			sourceTree = "<group>";
		};
/* End PBXGroup section */

/* Begin PBXNativeTarget section */
		046215F126AF1FE700314CAC /* PhotoTest */ = {
			isa = PBXNativeTarget;
			buildConfigurationList = 0462160626AF1FE800314CAC /* Build configuration list for PBXNativeTarget "PhotoTest" */;
			buildPhases = (
				046215EE26AF1FE700314CAC /* Sources */,
				046215EF26AF1FE700314CAC /* Frameworks */,
				046215F026AF1FE700314CAC /* Resources */,
			);
			buildRules = (
			);
			dependencies = (
			);
			name = PhotoTest;
			productName = PhotoTest;
			productReference = 046215F226AF1FE700314CAC /* PhotoTest.app */;
			productType = "com.apple.product-type.application";
		};
/* End PBXNativeTarget section */

/* Begin PBXProject section */
		046215EA26AF1FE700314CAC /* Project object */ = {
			isa = PBXProject;
			attributes = {
				LastSwiftUpdateCheck = 1240;
				LastUpgradeCheck = 1240;
				TargetAttributes = {
					046215F126AF1FE700314CAC = {
						CreatedOnToolsVersion = 12.4;
					};
				};
			};
			buildConfigurationList = 046215ED26AF1FE700314CAC /* Build configuration list for PBXProject "PhotoTest" */;
			compatibilityVersion = "Xcode 9.3";
			developmentRegion = en;
			hasScannedForEncodings = 0;
			knownRegions = (
				en,
				Base,
			);
			mainGroup = 046215E926AF1FE700314CAC;
			productRefGroup = 046215F326AF1FE700314CAC /* Products */;
			projectDirPath = "";
			projectRoot = "";
			targets = (
				046215F126AF1FE700314CAC /* PhotoTest */,
			);
		};
/* End PBXProject section */

/* Begin PBXResourcesBuildPhase section */
		046215F026AF1FE700314CAC /* Resources */ = {
			isa = PBXResourcesBuildPhase;
			buildActionMask = 2147483647;
			files = (
				0462160226AF1FE800314CAC /* LaunchScreen.storyboard in Resources */,
				046215FF26AF1FE800314CAC /* Assets.xcassets in Resources */,
				046215FD26AF1FE700314CAC /* Main.storyboard in Resources */,
				040E4B3126B752F000A043FC /* ImageCollectionViewCell.xib in Resources */,
				2121C91B26B5FFB300D7DF02 /* PlaceTableViewCell.xib in Resources */,
			);
			runOnlyForDeploymentPostprocessing = 0;
		};
/* End PBXResourcesBuildPhase section */

/* Begin PBXSourcesBuildPhase section */
		046215EE26AF1FE700314CAC /* Sources */ = {
			isa = PBXSourcesBuildPhase;
			buildActionMask = 2147483647;
			files = (
				040E4B3026B752F000A043FC /* ImageCollectionViewCell.swift in Sources */,
				0415140226B42D8900A5EF8A /* ViewController.swift in Sources */,
				046215F626AF1FE700314CAC /* AppDelegate.swift in Sources */,
				046215F826AF1FE700314CAC /* SceneDelegate.swift in Sources */,
				040E4B0D26B6102F00A043FC /* PlusButton.swift in Sources */,
				2121C91A26B5FFB300D7DF02 /* PlaceTableViewCell.swift in Sources */,
			);
			runOnlyForDeploymentPostprocessing = 0;
		};
/* End PBXSourcesBuildPhase section */

/* Begin PBXVariantGroup section */
		046215FB26AF1FE700314CAC /* Main.storyboard */ = {
			isa = PBXVariantGroup;
			children = (
				046215FC26AF1FE700314CAC /* Base */,
			);
			name = Main.storyboard;
			sourceTree = "<group>";
		};
		0462160026AF1FE800314CAC /* LaunchScreen.storyboard */ = {
			isa = PBXVariantGroup;
			children = (
				0462160126AF1FE800314CAC /* Base */,
			);
			name = LaunchScreen.storyboard;
			sourceTree = "<group>";
		};
/* End PBXVariantGroup section */

/* Begin XCBuildConfiguration section */
		0462160426AF1FE800314CAC /* Debug */ = {
			isa = XCBuildConfiguration;
			buildSettings = {
				ALWAYS_SEARCH_USER_PATHS = NO;
				CLANG_ANALYZER_NONNULL = YES;
				CLANG_ANALYZER_NUMBER_OBJECT_CONVERSION = YES_AGGRESSIVE;
				CLANG_CXX_LANGUAGE_STANDARD = "gnu++14";
				CLANG_CXX_LIBRARY = "libc++";
				CLANG_ENABLE_MODULES = YES;
				CLANG_ENABLE_OBJC_ARC = YES;
				CLANG_ENABLE_OBJC_WEAK = YES;
				CLANG_WARN_BLOCK_CAPTURE_AUTORELEASING = YES;
				CLANG_WARN_BOOL_CONVERSION = YES;
				CLANG_WARN_COMMA = YES;
				CLANG_WARN_CONSTANT_CONVERSION = YES;
				CLANG_WARN_DEPRECATED_OBJC_IMPLEMENTATIONS = YES;
				CLANG_WARN_DIRECT_OBJC_ISA_USAGE = YES_ERROR;
				CLANG_WARN_DOCUMENTATION_COMMENTS = YES;
				CLANG_WARN_EMPTY_BODY = YES;
				CLANG_WARN_ENUM_CONVERSION = YES;
				CLANG_WARN_INFINITE_RECURSION = YES;
				CLANG_WARN_INT_CONVERSION = YES;
				CLANG_WARN_NON_LITERAL_NULL_CONVERSION = YES;
				CLANG_WARN_OBJC_IMPLICIT_RETAIN_SELF = YES;
				CLANG_WARN_OBJC_LITERAL_CONVERSION = YES;
				CLANG_WARN_OBJC_ROOT_CLASS = YES_ERROR;
				CLANG_WARN_QUOTED_INCLUDE_IN_FRAMEWORK_HEADER = YES;
				CLANG_WARN_RANGE_LOOP_ANALYSIS = YES;
				CLANG_WARN_STRICT_PROTOTYPES = YES;
				CLANG_WARN_SUSPICIOUS_MOVE = YES;
				CLANG_WARN_UNGUARDED_AVAILABILITY = YES_AGGRESSIVE;
				CLANG_WARN_UNREACHABLE_CODE = YES;
				CLANG_WARN__DUPLICATE_METHOD_MATCH = YES;
				COPY_PHASE_STRIP = NO;
				DEBUG_INFORMATION_FORMAT = dwarf;
				ENABLE_STRICT_OBJC_MSGSEND = YES;
				ENABLE_TESTABILITY = YES;
				GCC_C_LANGUAGE_STANDARD = gnu11;
				GCC_DYNAMIC_NO_PIC = NO;
				GCC_NO_COMMON_BLOCKS = YES;
				GCC_OPTIMIZATION_LEVEL = 0;
				GCC_PREPROCESSOR_DEFINITIONS = (
					"DEBUG=1",
					"$(inherited)",
				);
				GCC_WARN_64_TO_32_BIT_CONVERSION = YES;
				GCC_WARN_ABOUT_RETURN_TYPE = YES_ERROR;
				GCC_WARN_UNDECLARED_SELECTOR = YES;
				GCC_WARN_UNINITIALIZED_AUTOS = YES_AGGRESSIVE;
				GCC_WARN_UNUSED_FUNCTION = YES;
				GCC_WARN_UNUSED_VARIABLE = YES;
				IPHONEOS_DEPLOYMENT_TARGET = 14.4;
				MTL_ENABLE_DEBUG_INFO = INCLUDE_SOURCE;
				MTL_FAST_MATH = YES;
				ONLY_ACTIVE_ARCH = YES;
				SDKROOT = iphoneos;
				SWIFT_ACTIVE_COMPILATION_CONDITIONS = DEBUG;
				SWIFT_OPTIMIZATION_LEVEL = "-Onone";
			};
			name = Debug;
		};
		0462160526AF1FE800314CAC /* Release */ = {
			isa = XCBuildConfiguration;
			buildSettings = {
				ALWAYS_SEARCH_USER_PATHS = NO;
				CLANG_ANALYZER_NONNULL = YES;
				CLANG_ANALYZER_NUMBER_OBJECT_CONVERSION = YES_AGGRESSIVE;
				CLANG_CXX_LANGUAGE_STANDARD = "gnu++14";
				CLANG_CXX_LIBRARY = "libc++";
				CLANG_ENABLE_MODULES = YES;
				CLANG_ENABLE_OBJC_ARC = YES;
				CLANG_ENABLE_OBJC_WEAK = YES;
				CLANG_WARN_BLOCK_CAPTURE_AUTORELEASING = YES;
				CLANG_WARN_BOOL_CONVERSION = YES;
				CLANG_WARN_COMMA = YES;
				CLANG_WARN_CONSTANT_CONVERSION = YES;
				CLANG_WARN_DEPRECATED_OBJC_IMPLEMENTATIONS = YES;
				CLANG_WARN_DIRECT_OBJC_ISA_USAGE = YES_ERROR;
				CLANG_WARN_DOCUMENTATION_COMMENTS = YES;
				CLANG_WARN_EMPTY_BODY = YES;
				CLANG_WARN_ENUM_CONVERSION = YES;
				CLANG_WARN_INFINITE_RECURSION = YES;
				CLANG_WARN_INT_CONVERSION = YES;
				CLANG_WARN_NON_LITERAL_NULL_CONVERSION = YES;
				CLANG_WARN_OBJC_IMPLICIT_RETAIN_SELF = YES;
				CLANG_WARN_OBJC_LITERAL_CONVERSION = YES;
				CLANG_WARN_OBJC_ROOT_CLASS = YES_ERROR;
				CLANG_WARN_QUOTED_INCLUDE_IN_FRAMEWORK_HEADER = YES;
				CLANG_WARN_RANGE_LOOP_ANALYSIS = YES;
				CLANG_WARN_STRICT_PROTOTYPES = YES;
				CLANG_WARN_SUSPICIOUS_MOVE = YES;
				CLANG_WARN_UNGUARDED_AVAILABILITY = YES_AGGRESSIVE;
				CLANG_WARN_UNREACHABLE_CODE = YES;
				CLANG_WARN__DUPLICATE_METHOD_MATCH = YES;
				COPY_PHASE_STRIP = NO;
				DEBUG_INFORMATION_FORMAT = "dwarf-with-dsym";
				ENABLE_NS_ASSERTIONS = NO;
				ENABLE_STRICT_OBJC_MSGSEND = YES;
				GCC_C_LANGUAGE_STANDARD = gnu11;
				GCC_NO_COMMON_BLOCKS = YES;
				GCC_WARN_64_TO_32_BIT_CONVERSION = YES;
				GCC_WARN_ABOUT_RETURN_TYPE = YES_ERROR;
				GCC_WARN_UNDECLARED_SELECTOR = YES;
				GCC_WARN_UNINITIALIZED_AUTOS = YES_AGGRESSIVE;
				GCC_WARN_UNUSED_FUNCTION = YES;
				GCC_WARN_UNUSED_VARIABLE = YES;
				IPHONEOS_DEPLOYMENT_TARGET = 14.4;
				MTL_ENABLE_DEBUG_INFO = NO;
				MTL_FAST_MATH = YES;
				SDKROOT = iphoneos;
				SWIFT_COMPILATION_MODE = wholemodule;
				SWIFT_OPTIMIZATION_LEVEL = "-O";
				VALIDATE_PRODUCT = YES;
			};
			name = Release;
		};
		0462160726AF1FE800314CAC /* Debug */ = {
			isa = XCBuildConfiguration;
			buildSettings = {
				ASSETCATALOG_COMPILER_APPICON_NAME = AppIcon;
				ASSETCATALOG_COMPILER_GLOBAL_ACCENT_COLOR_NAME = AccentColor;
				CODE_SIGN_STYLE = Automatic;
				DEVELOPMENT_TEAM = 9D8G27H82A;
				INFOPLIST_FILE = PhotoTest/Info.plist;
				IPHONEOS_DEPLOYMENT_TARGET = 13.6;
				LD_RUNPATH_SEARCH_PATHS = (
					"$(inherited)",
					"@executable_path/Frameworks",
				);
				PRODUCT_BUNDLE_IDENTIFIER = AvlAs.PhotoTest;
				PRODUCT_NAME = "$(TARGET_NAME)";
				SWIFT_VERSION = 5.0;
				TARGETED_DEVICE_FAMILY = "1,2";
			};
			name = Debug;
		};
		0462160826AF1FE800314CAC /* Release */ = {
			isa = XCBuildConfiguration;
			buildSettings = {
				ASSETCATALOG_COMPILER_APPICON_NAME = AppIcon;
				ASSETCATALOG_COMPILER_GLOBAL_ACCENT_COLOR_NAME = AccentColor;
				CODE_SIGN_STYLE = Automatic;
				DEVELOPMENT_TEAM = 9D8G27H82A;
				INFOPLIST_FILE = PhotoTest/Info.plist;
				IPHONEOS_DEPLOYMENT_TARGET = 13.6;
				LD_RUNPATH_SEARCH_PATHS = (
					"$(inherited)",
					"@executable_path/Frameworks",
				);
				PRODUCT_BUNDLE_IDENTIFIER = AvlAs.PhotoTest;
				PRODUCT_NAME = "$(TARGET_NAME)";
				SWIFT_VERSION = 5.0;
				TARGETED_DEVICE_FAMILY = "1,2";
			};
			name = Release;
		};
/* End XCBuildConfiguration section */

/* Begin XCConfigurationList section */
		046215ED26AF1FE700314CAC /* Build configuration list for PBXProject "PhotoTest" */ = {
			isa = XCConfigurationList;
			buildConfigurations = (
				0462160426AF1FE800314CAC /* Debug */,
				0462160526AF1FE800314CAC /* Release */,
			);
			defaultConfigurationIsVisible = 0;
			defaultConfigurationName = Release;
		};
		0462160626AF1FE800314CAC /* Build configuration list for PBXNativeTarget "PhotoTest" */ = {
			isa = XCConfigurationList;
			buildConfigurations = (
				0462160726AF1FE800314CAC /* Debug */,
				0462160826AF1FE800314CAC /* Release */,
			);
			defaultConfigurationIsVisible = 0;
			defaultConfigurationName = Release;
		};
/* End XCConfigurationList section */
	};
	rootObject = 046215EA26AF1FE700314CAC /* Project object */;
}
